// !$*UTF8*$!
{
	archiveVersion = 1;
	classes = {
	};
	objectVersion = 48;
	objects = {

/* Begin PBXBuildFile section */
		3EB61B721FEBC32600CCFFFA /* AppDelegate.swift in Sources */ = {isa = PBXBuildFile; fileRef = 3EB61B711FEBC32600CCFFFA /* AppDelegate.swift */; };
		3EB61B741FEBC32600CCFFFA /* ViewController.swift in Sources */ = {isa = PBXBuildFile; fileRef = 3EB61B731FEBC32600CCFFFA /* ViewController.swift */; };
		3EB61B771FEBC32600CCFFFA /* Main.storyboard in Resources */ = {isa = PBXBuildFile; fileRef = 3EB61B751FEBC32600CCFFFA /* Main.storyboard */; };
		3EB61B791FEBC32600CCFFFA /* Assets.xcassets in Resources */ = {isa = PBXBuildFile; fileRef = 3EB61B781FEBC32600CCFFFA /* Assets.xcassets */; };
		3EB61B7C1FEBC32600CCFFFA /* LaunchScreen.storyboard in Resources */ = {isa = PBXBuildFile; fileRef = 3EB61B7A1FEBC32600CCFFFA /* LaunchScreen.storyboard */; };
/* End PBXBuildFile section */

/* Begin PBXFileReference section */
		3EB61B6E1FEBC32600CCFFFA /* Bitrise-playground.app */ = {isa = PBXFileReference; explicitFileType = wrapper.application; includeInIndex = 0; path = "Bitrise-playground.app"; sourceTree = BUILT_PRODUCTS_DIR; };
		3EB61B711FEBC32600CCFFFA /* AppDelegate.swift */ = {isa = PBXFileReference; lastKnownFileType = sourcecode.swift; path = AppDelegate.swift; sourceTree = "<group>"; };
		3EB61B731FEBC32600CCFFFA /* ViewController.swift */ = {isa = PBXFileReference; lastKnownFileType = sourcecode.swift; path = ViewController.swift; sourceTree = "<group>"; };
		3EB61B761FEBC32600CCFFFA /* Base */ = {isa = PBXFileReference; lastKnownFileType = file.storyboard; name = Base; path = Base.lproj/Main.storyboard; sourceTree = "<group>"; };
		3EB61B781FEBC32600CCFFFA /* Assets.xcassets */ = {isa = PBXFileReference; lastKnownFileType = folder.assetcatalog; path = Assets.xcassets; sourceTree = "<group>"; };
		3EB61B7B1FEBC32600CCFFFA /* Base */ = {isa = PBXFileReference; lastKnownFileType = file.storyboard; name = Base; path = Base.lproj/LaunchScreen.storyboard; sourceTree = "<group>"; };
		3EB61B7D1FEBC32600CCFFFA /* Info.plist */ = {isa = PBXFileReference; lastKnownFileType = text.plist.xml; path = Info.plist; sourceTree = "<group>"; };
/* End PBXFileReference section */

/* Begin PBXFrameworksBuildPhase section */
		3EB61B6B1FEBC32600CCFFFA /* Frameworks */ = {
			isa = PBXFrameworksBuildPhase;
			buildActionMask = 2147483647;
			files = (
			);
			runOnlyForDeploymentPostprocessing = 0;
		};
/* End PBXFrameworksBuildPhase section */

/* Begin PBXGroup section */
		3EB61B651FEBC32600CCFFFA = {
			isa = PBXGroup;
			children = (
				3EB61B701FEBC32600CCFFFA /* Bitrise-playground */,
				3EB61B6F1FEBC32600CCFFFA /* Products */,
			);
			sourceTree = "<group>";
		};
		3EB61B6F1FEBC32600CCFFFA /* Products */ = {
			isa = PBXGroup;
			children = (
				3EB61B6E1FEBC32600CCFFFA /* Bitrise-playground.app */,
			);
			name = Products;
			sourceTree = "<group>";
		};
		3EB61B701FEBC32600CCFFFA /* Bitrise-playground */ = {
			isa = PBXGroup;
			children = (
				3EB61B711FEBC32600CCFFFA /* AppDelegate.swift */,
				3EB61B731FEBC32600CCFFFA /* ViewController.swift */,
				3EB61B751FEBC32600CCFFFA /* Main.storyboard */,
				3EB61B781FEBC32600CCFFFA /* Assets.xcassets */,
				3EB61B7A1FEBC32600CCFFFA /* LaunchScreen.storyboard */,
				3EB61B7D1FEBC32600CCFFFA /* Info.plist */,
			);
			path = "Bitrise-playground";
			sourceTree = "<group>";
		};
/* End PBXGroup section */

/* Begin PBXNativeTarget section */
		3EB61B6D1FEBC32600CCFFFA /* Bitrise-playground */ = {
			isa = PBXNativeTarget;
			buildConfigurationList = 3EB61B801FEBC32600CCFFFA /* Build configuration list for PBXNativeTarget "Bitrise-playground" */;
			buildPhases = (
				3EB61B6A1FEBC32600CCFFFA /* Sources */,
				3EB61B6B1FEBC32600CCFFFA /* Frameworks */,
				3EB61B6C1FEBC32600CCFFFA /* Resources */,
			);
			buildRules = (
			);
			dependencies = (
			);
			name = "Bitrise-playground";
			productName = "Bitrise-playground";
			productReference = 3EB61B6E1FEBC32600CCFFFA /* Bitrise-playground.app */;
			productType = "com.apple.product-type.application";
		};
/* End PBXNativeTarget section */

/* Begin PBXProject section */
		3EB61B661FEBC32600CCFFFA /* Project object */ = {
			isa = PBXProject;
			attributes = {
				LastSwiftUpdateCheck = 0910;
				LastUpgradeCheck = 0910;
				ORGANIZATIONNAME = nineish;
				TargetAttributes = {
					3EB61B6D1FEBC32600CCFFFA = {
						CreatedOnToolsVersion = 9.1;
						ProvisioningStyle = Automatic;
					};
				};
			};
			buildConfigurationList = 3EB61B691FEBC32600CCFFFA /* Build configuration list for PBXProject "Bitrise-playground" */;
			compatibilityVersion = "Xcode 8.0";
			developmentRegion = en;
			hasScannedForEncodings = 0;
			knownRegions = (
				en,
				Base,
			);
			mainGroup = 3EB61B651FEBC32600CCFFFA;
			productRefGroup = 3EB61B6F1FEBC32600CCFFFA /* Products */;
			projectDirPath = "";
			projectRoot = "";
			targets = (
				3EB61B6D1FEBC32600CCFFFA /* Bitrise-playground */,
			);
		};
/* End PBXProject section */

/* Begin PBXResourcesBuildPhase section */
		3EB61B6C1FEBC32600CCFFFA /* Resources */ = {
			isa = PBXResourcesBuildPhase;
			buildActionMask = 2147483647;
			files = (
				3EB61B7C1FEBC32600CCFFFA /* LaunchScreen.storyboard in Resources */,
				3EB61B791FEBC32600CCFFFA /* Assets.xcassets in Resources */,
				3EB61B771FEBC32600CCFFFA /* Main.storyboard in Resources */,
			);
			runOnlyForDeploymentPostprocessing = 0;
		};
/* End PBXResourcesBuildPhase section */

/* Begin PBXSourcesBuildPhase section */
		3EB61B6A1FEBC32600CCFFFA /* Sources */ = {
			isa = PBXSourcesBuildPhase;
			buildActionMask = 2147483647;
			files = (
				3EB61B741FEBC32600CCFFFA /* ViewController.swift in Sources */,
				3EB61B721FEBC32600CCFFFA /* AppDelegate.swift in Sources */,
			);
			runOnlyForDeploymentPostprocessing = 0;
		};
/* End PBXSourcesBuildPhase section */

/* Begin PBXVariantGroup section */
		3EB61B751FEBC32600CCFFFA /* Main.storyboard */ = {
			isa = PBXVariantGroup;
			children = (
				3EB61B761FEBC32600CCFFFA /* Base */,
			);
			name = Main.storyboard;
			sourceTree = "<group>";
		};
		3EB61B7A1FEBC32600CCFFFA /* LaunchScreen.storyboard */ = {
			isa = PBXVariantGroup;
			children = (
				3EB61B7B1FEBC32600CCFFFA /* Base */,
			);
			name = LaunchScreen.storyboard;
			sourceTree = "<group>";
		};
/* End PBXVariantGroup section */

/* Begin XCBuildConfiguration section */
		3EB61B7E1FEBC32600CCFFFA /* Debug */ = {
			isa = XCBuildConfiguration;
			buildSettings = {
				ALWAYS_SEARCH_USER_PATHS = NO;
				CLANG_ANALYZER_NONNULL = YES;
				CLANG_ANALYZER_NUMBER_OBJECT_CONVERSION = YES_AGGRESSIVE;
				CLANG_CXX_LANGUAGE_STANDARD = "gnu++14";
				CLANG_CXX_LIBRARY = "libc++";
				CLANG_ENABLE_MODULES = YES;
				CLANG_ENABLE_OBJC_ARC = YES;
				CLANG_WARN_BLOCK_CAPTURE_AUTORELEASING = YES;
				CLANG_WARN_BOOL_CONVERSION = YES;
				CLANG_WARN_COMMA = YES;
				CLANG_WARN_CONSTANT_CONVERSION = YES;
				CLANG_WARN_DIRECT_OBJC_ISA_USAGE = YES_ERROR;
				CLANG_WARN_DOCUMENTATION_COMMENTS = YES;
				CLANG_WARN_EMPTY_BODY = YES;
				CLANG_WARN_ENUM_CONVERSION = YES;
				CLANG_WARN_INFINITE_RECURSION = YES;
				CLANG_WARN_INT_CONVERSION = YES;
				CLANG_WARN_NON_LITERAL_NULL_CONVERSION = YES;
				CLANG_WARN_OBJC_LITERAL_CONVERSION = YES;
				CLANG_WARN_OBJC_ROOT_CLASS = YES_ERROR;
				CLANG_WARN_RANGE_LOOP_ANALYSIS = YES;
				CLANG_WARN_STRICT_PROTOTYPES = YES;
				CLANG_WARN_SUSPICIOUS_MOVE = YES;
				CLANG_WARN_UNGUARDED_AVAILABILITY = YES_AGGRESSIVE;
				CLANG_WARN_UNREACHABLE_CODE = YES;
				CLANG_WARN__DUPLICATE_METHOD_MATCH = YES;
				CODE_SIGN_IDENTITY = "iPhone Developer";
				COPY_PHASE_STRIP = NO;
				DEBUG_INFORMATION_FORMAT = dwarf;
				ENABLE_STRICT_OBJC_MSGSEND = YES;
				ENABLE_TESTABILITY = YES;
				GCC_C_LANGUAGE_STANDARD = gnu11;
				GCC_DYNAMIC_NO_PIC = NO;
				GCC_NO_COMMON_BLOCKS = YES;
				GCC_OPTIMIZATION_LEVEL = 0;
				GCC_PREPROCESSOR_DEFINITIONS = (
					"DEBUG=1",
					"$(inherited)",
				);
				GCC_WARN_64_TO_32_BIT_CONVERSION = YES;
				GCC_WARN_ABOUT_RETURN_TYPE = YES_ERROR;
				GCC_WARN_UNDECLARED_SELECTOR = YES;
				GCC_WARN_UNINITIALIZED_AUTOS = YES_AGGRESSIVE;
				GCC_WARN_UNUSED_FUNCTION = YES;
				GCC_WARN_UNUSED_VARIABLE = YES;
				IPHONEOS_DEPLOYMENT_TARGET = 11.1;
				MTL_ENABLE_DEBUG_INFO = YES;
				ONLY_ACTIVE_ARCH = YES;
				SDKROOT = iphoneos;
				SWIFT_ACTIVE_COMPILATION_CONDITIONS = DEBUG;
				SWIFT_OPTIMIZATION_LEVEL = "-Onone";
			};
			name = Debug;
		};
		3EB61B7F1FEBC32600CCFFFA /* Release */ = {
			isa = XCBuildConfiguration;
			buildSettings = {
				ALWAYS_SEARCH_USER_PATHS = NO;
				CLANG_ANALYZER_NONNULL = YES;
				CLANG_ANALYZER_NUMBER_OBJECT_CONVERSION = YES_AGGRESSIVE;
				CLANG_CXX_LANGUAGE_STANDARD = "gnu++14";
				CLANG_CXX_LIBRARY = "libc++";
				CLANG_ENABLE_MODULES = YES;
				CLANG_ENABLE_OBJC_ARC = YES;
				CLANG_WARN_BLOCK_CAPTURE_AUTORELEASING = YES;
				CLANG_WARN_BOOL_CONVERSION = YES;
				CLANG_WARN_COMMA = YES;
				CLANG_WARN_CONSTANT_CONVERSION = YES;
				CLANG_WARN_DIRECT_OBJC_ISA_USAGE = YES_ERROR;
				CLANG_WARN_DOCUMENTATION_COMMENTS = YES;
				CLANG_WARN_EMPTY_BODY = YES;
				CLANG_WARN_ENUM_CONVERSION = YES;
				CLANG_WARN_INFINITE_RECURSION = YES;
				CLANG_WARN_INT_CONVERSION = YES;
				CLANG_WARN_NON_LITERAL_NULL_CONVERSION = YES;
				CLANG_WARN_OBJC_LITERAL_CONVERSION = YES;
				CLANG_WARN_OBJC_ROOT_CLASS = YES_ERROR;
				CLANG_WARN_RANGE_LOOP_ANALYSIS = YES;
				CLANG_WARN_STRICT_PROTOTYPES = YES;
				CLANG_WARN_SUSPICIOUS_MOVE = YES;
				CLANG_WARN_UNGUARDED_AVAILABILITY = YES_AGGRESSIVE;
				CLANG_WARN_UNREACHABLE_CODE = YES;
				CLANG_WARN__DUPLICATE_METHOD_MATCH = YES;
				CODE_SIGN_IDENTITY = "iPhone Developer";
				COPY_PHASE_STRIP = NO;
				DEBUG_INFORMATION_FORMAT = "dwarf-with-dsym";
				ENABLE_NS_ASSERTIONS = NO;
				ENABLE_STRICT_OBJC_MSGSEND = YES;
				GCC_C_LANGUAGE_STANDARD = gnu11;
				GCC_NO_COMMON_BLOCKS = YES;
				GCC_WARN_64_TO_32_BIT_CONVERSION = YES;
				GCC_WARN_ABOUT_RETURN_TYPE = YES_ERROR;
				GCC_WARN_UNDECLARED_SELECTOR = YES;
				GCC_WARN_UNINITIALIZED_AUTOS = YES_AGGRESSIVE;
				GCC_WARN_UNUSED_FUNCTION = YES;
				GCC_WARN_UNUSED_VARIABLE = YES;
				IPHONEOS_DEPLOYMENT_TARGET = 11.1;
				MTL_ENABLE_DEBUG_INFO = NO;
				SDKROOT = iphoneos;
				SWIFT_OPTIMIZATION_LEVEL = "-Owholemodule";
				VALIDATE_PRODUCT = YES;
			};
			name = Release;
		};
		3EB61B811FEBC32600CCFFFA /* Debug */ = {
			isa = XCBuildConfiguration;
			buildSettings = {
				ASSETCATALOG_COMPILER_APPICON_NAME = AppIcon;
				CODE_SIGN_STYLE = Automatic;
				DEVELOPMENT_TEAM = 9BSYUAQ55P;
				INFOPLIST_FILE = "Bitrise-playground/Info.plist";
				LD_RUNPATH_SEARCH_PATHS = "$(inherited) @executable_path/Frameworks";
				PRODUCT_BUNDLE_IDENTIFIER = "com.nineish.Bitrise-playground";
				PRODUCT_NAME = "$(TARGET_NAME)";
				SWIFT_VERSION = 4.0;
				TARGETED_DEVICE_FAMILY = "1,2";
			};
			name = Debug;
		};
		3EB61B821FEBC32600CCFFFA /* Release */ = {
			isa = XCBuildConfiguration;
			buildSettings = {
				ASSETCATALOG_COMPILER_APPICON_NAME = AppIcon;
				CODE_SIGN_STYLE = Automatic;
				DEVELOPMENT_TEAM = 9BSYUAQ55P;
				INFOPLIST_FILE = "Bitrise-playground/Info.plist";
				LD_RUNPATH_SEARCH_PATHS = "$(inherited) @executable_path/Frameworks";
				PRODUCT_BUNDLE_IDENTIFIER = "com.nineish.Bitrise-playground";
				PRODUCT_NAME = "$(TARGET_NAME)";
				SWIFT_VERSION = 4.0;
				TARGETED_DEVICE_FAMILY = "1,2";
			};
			name = Release;
		};
/* End XCBuildConfiguration section */

/* Begin XCConfigurationList section */
		3EB61B691FEBC32600CCFFFA /* Build configuration list for PBXProject "Bitrise-playground" */ = {
			isa = XCConfigurationList;
			buildConfigurations = (
				3EB61B7E1FEBC32600CCFFFA /* Debug */,
				3EB61B7F1FEBC32600CCFFFA /* Release */,
			);
			defaultConfigurationIsVisible = 0;
			defaultConfigurationName = Release;
		};
		3EB61B801FEBC32600CCFFFA /* Build configuration list for PBXNativeTarget "Bitrise-playground" */ = {
			isa = XCConfigurationList;
			buildConfigurations = (
				3EB61B811FEBC32600CCFFFA /* Debug */,
				3EB61B821FEBC32600CCFFFA /* Release */,
			);
			defaultConfigurationIsVisible = 0;
			defaultConfigurationName = Release;
		};
/* End XCConfigurationList section */
	};
	rootObject = 3EB61B661FEBC32600CCFFFA /* Project object */;
}
